
Microsoft Visual Studio Solution File, Format Version 12.00
# Visual Studio Version 17
VisualStudioVersion = 17.9.34714.143
MinimumVisualStudioVersion = 10.0.40219.1
Project("{9A19103F-16F7-4668-BE54-9A1E7A4F7556}") = "WebApplication10", "WebApplication10.csproj", "{DFA0297C-5F07-452D-B21D-C769A52E4746}"
EndProject
Project("{FAE04EC0-301F-11D3-BF4B-00C04F79EFBC}") = "MovieLibrary", "..\MovieLibrary\MovieLibrary.csproj", "{05831221-0305-4411-AB5C-22566CC4FF41}"
EndProject
Project("{FAE04EC0-301F-11D3-BF4B-00C04F79EFBC}") = "ScheduleLogic", "..\ScheduleLogic\ScheduleLogic.csproj", "{D5D1EC19-6E60-4739-B6FC-B29B64D17726}"
EndProject
Global
	GlobalSection(SolutionConfigurationPlatforms) = preSolution
		Debug|Any CPU = Debug|Any CPU
		Release|Any CPU = Release|Any CPU
	EndGlobalSection
	GlobalSection(ProjectConfigurationPlatforms) = postSolution
		{DFA0297C-5F07-452D-B21D-C769A52E4746}.Debug|Any CPU.ActiveCfg = Debug|Any CPU
		{DFA0297C-5F07-452D-B21D-C769A52E4746}.Debug|Any CPU.Build.0 = Debug|Any CPU
		{DFA0297C-5F07-452D-B21D-C769A52E4746}.Release|Any CPU.ActiveCfg = Release|Any CPU
		{DFA0297C-5F07-452D-B21D-C769A52E4746}.Release|Any CPU.Build.0 = Release|Any CPU
		{05831221-0305-4411-AB5C-22566CC4FF41}.Debug|Any CPU.ActiveCfg = Debug|Any CPU
		{05831221-0305-4411-AB5C-22566CC4FF41}.Debug|Any CPU.Build.0 = Debug|Any CPU
		{05831221-0305-4411-AB5C-22566CC4FF41}.Release|Any CPU.ActiveCfg = Release|Any CPU
		{05831221-0305-4411-AB5C-22566CC4FF41}.Release|Any CPU.Build.0 = Release|Any CPU
		{D5D1EC19-6E60-4739-B6FC-B29B64D17726}.Debug|Any CPU.ActiveCfg = Debug|Any CPU
		{D5D1EC19-6E60-4739-B6FC-B29B64D17726}.Debug|Any CPU.Build.0 = Debug|Any CPU
		{D5D1EC19-6E60-4739-B6FC-B29B64D17726}.Release|Any CPU.ActiveCfg = Release|Any CPU
		{D5D1EC19-6E60-4739-B6FC-B29B64D17726}.Release|Any CPU.Build.0 = Release|Any CPU
	EndGlobalSection
	GlobalSection(SolutionProperties) = preSolution
		HideSolutionNode = FALSE
	EndGlobalSection
	GlobalSection(ExtensibilityGlobals) = postSolution
		SolutionGuid = {728B9D71-51F6-48AF-A493-9D7134C945F0}
	EndGlobalSection
EndGlobal
